// !$*UTF8*$!
{
	archiveVersion = 1;
	classes = {
	};
	objectVersion = 50;
	objects = {

/* Begin PBXBuildFile section */
		FAF17BC225E37D8D00348652 /* AppDelegate.swift in Sources */ = {isa = PBXBuildFile; fileRef = FAF17BC125E37D8D00348652 /* AppDelegate.swift */; };
		FAF17BC425E37D8D00348652 /* SceneDelegate.swift in Sources */ = {isa = PBXBuildFile; fileRef = FAF17BC325E37D8D00348652 /* SceneDelegate.swift */; };
		FAF17BC925E37D8D00348652 /* Main.storyboard in Resources */ = {isa = PBXBuildFile; fileRef = FAF17BC725E37D8D00348652 /* Main.storyboard */; };
		FAF17BCB25E37D9300348652 /* Assets.xcassets in Resources */ = {isa = PBXBuildFile; fileRef = FAF17BCA25E37D9300348652 /* Assets.xcassets */; };
		FAF17BCE25E37D9300348652 /* LaunchScreen.storyboard in Resources */ = {isa = PBXBuildFile; fileRef = FAF17BCC25E37D9300348652 /* LaunchScreen.storyboard */; };
		FAF17BD925E37D9400348652 /* flixsterTests.swift in Sources */ = {isa = PBXBuildFile; fileRef = FAF17BD825E37D9400348652 /* flixsterTests.swift */; };
		FAF17BE425E37D9400348652 /* flixsterUITests.swift in Sources */ = {isa = PBXBuildFile; fileRef = FAF17BE325E37D9400348652 /* flixsterUITests.swift */; };
		FAF17C0025E382B000348652 /* MovieViewController.swift in Sources */ = {isa = PBXBuildFile; fileRef = FAF17BFF25E382B000348652 /* MovieViewController.swift */; };
/* End PBXBuildFile section */

/* Begin PBXContainerItemProxy section */
		FAF17BD525E37D9400348652 /* PBXContainerItemProxy */ = {
			isa = PBXContainerItemProxy;
			containerPortal = FAF17BB625E37D8D00348652 /* Project object */;
			proxyType = 1;
			remoteGlobalIDString = FAF17BBD25E37D8D00348652;
			remoteInfo = flixster;
		};
		FAF17BE025E37D9400348652 /* PBXContainerItemProxy */ = {
			isa = PBXContainerItemProxy;
			containerPortal = FAF17BB625E37D8D00348652 /* Project object */;
			proxyType = 1;
			remoteGlobalIDString = FAF17BBD25E37D8D00348652;
			remoteInfo = flixster;
		};
/* End PBXContainerItemProxy section */

/* Begin PBXFileReference section */
		FAF17BBE25E37D8D00348652 /* flixster.app */ = {isa = PBXFileReference; explicitFileType = wrapper.application; includeInIndex = 0; path = flixster.app; sourceTree = BUILT_PRODUCTS_DIR; };
		FAF17BC125E37D8D00348652 /* AppDelegate.swift */ = {isa = PBXFileReference; lastKnownFileType = sourcecode.swift; path = AppDelegate.swift; sourceTree = "<group>"; };
		FAF17BC325E37D8D00348652 /* SceneDelegate.swift */ = {isa = PBXFileReference; lastKnownFileType = sourcecode.swift; path = SceneDelegate.swift; sourceTree = "<group>"; };
		FAF17BC825E37D8D00348652 /* Base */ = {isa = PBXFileReference; lastKnownFileType = file.storyboard; name = Base; path = Base.lproj/Main.storyboard; sourceTree = "<group>"; };
		FAF17BCA25E37D9300348652 /* Assets.xcassets */ = {isa = PBXFileReference; lastKnownFileType = folder.assetcatalog; path = Assets.xcassets; sourceTree = "<group>"; };
		FAF17BCD25E37D9300348652 /* Base */ = {isa = PBXFileReference; lastKnownFileType = file.storyboard; name = Base; path = Base.lproj/LaunchScreen.storyboard; sourceTree = "<group>"; };
		FAF17BCF25E37D9300348652 /* Info.plist */ = {isa = PBXFileReference; lastKnownFileType = text.plist.xml; path = Info.plist; sourceTree = "<group>"; };
		FAF17BD425E37D9400348652 /* flixsterTests.xctest */ = {isa = PBXFileReference; explicitFileType = wrapper.cfbundle; includeInIndex = 0; path = flixsterTests.xctest; sourceTree = BUILT_PRODUCTS_DIR; };
		FAF17BD825E37D9400348652 /* flixsterTests.swift */ = {isa = PBXFileReference; lastKnownFileType = sourcecode.swift; path = flixsterTests.swift; sourceTree = "<group>"; };
		FAF17BDA25E37D9400348652 /* Info.plist */ = {isa = PBXFileReference; lastKnownFileType = text.plist.xml; path = Info.plist; sourceTree = "<group>"; };
		FAF17BDF25E37D9400348652 /* flixsterUITests.xctest */ = {isa = PBXFileReference; explicitFileType = wrapper.cfbundle; includeInIndex = 0; path = flixsterUITests.xctest; sourceTree = BUILT_PRODUCTS_DIR; };
		FAF17BE325E37D9400348652 /* flixsterUITests.swift */ = {isa = PBXFileReference; lastKnownFileType = sourcecode.swift; path = flixsterUITests.swift; sourceTree = "<group>"; };
		FAF17BE525E37D9400348652 /* Info.plist */ = {isa = PBXFileReference; lastKnownFileType = text.plist.xml; path = Info.plist; sourceTree = "<group>"; };
		FAF17BFF25E382B000348652 /* MovieViewController.swift */ = {isa = PBXFileReference; lastKnownFileType = sourcecode.swift; path = MovieViewController.swift; sourceTree = "<group>"; };
/* End PBXFileReference section */

/* Begin PBXFrameworksBuildPhase section */
		FAF17BBB25E37D8D00348652 /* Frameworks */ = {
			isa = PBXFrameworksBuildPhase;
			buildActionMask = 2147483647;
			files = (
			);
			runOnlyForDeploymentPostprocessing = 0;
		};
		FAF17BD125E37D9400348652 /* Frameworks */ = {
			isa = PBXFrameworksBuildPhase;
			buildActionMask = 2147483647;
			files = (
			);
			runOnlyForDeploymentPostprocessing = 0;
		};
		FAF17BDC25E37D9400348652 /* Frameworks */ = {
			isa = PBXFrameworksBuildPhase;
			buildActionMask = 2147483647;
			files = (
			);
			runOnlyForDeploymentPostprocessing = 0;
		};
/* End PBXFrameworksBuildPhase section */

/* Begin PBXGroup section */
		FAF17BB525E37D8D00348652 = {
			isa = PBXGroup;
			children = (
				FAF17BC025E37D8D00348652 /* flixster */,
				FAF17BD725E37D9400348652 /* flixsterTests */,
				FAF17BE225E37D9400348652 /* flixsterUITests */,
				FAF17BBF25E37D8D00348652 /* Products */,
			);
			sourceTree = "<group>";
		};
		FAF17BBF25E37D8D00348652 /* Products */ = {
			isa = PBXGroup;
			children = (
				FAF17BBE25E37D8D00348652 /* flixster.app */,
				FAF17BD425E37D9400348652 /* flixsterTests.xctest */,
				FAF17BDF25E37D9400348652 /* flixsterUITests.xctest */,
			);
			name = Products;
			sourceTree = "<group>";
		};
		FAF17BC025E37D8D00348652 /* flixster */ = {
			isa = PBXGroup;
			children = (
				FAF17BC125E37D8D00348652 /* AppDelegate.swift */,
				FAF17BC325E37D8D00348652 /* SceneDelegate.swift */,
				FAF17BC725E37D8D00348652 /* Main.storyboard */,
				FAF17BCA25E37D9300348652 /* Assets.xcassets */,
				FAF17BCC25E37D9300348652 /* LaunchScreen.storyboard */,
				FAF17BCF25E37D9300348652 /* Info.plist */,
				FAF17BFF25E382B000348652 /* MovieViewController.swift */,
			);
			path = flixster;
			sourceTree = "<group>";
		};
		FAF17BD725E37D9400348652 /* flixsterTests */ = {
			isa = PBXGroup;
			children = (
				FAF17BD825E37D9400348652 /* flixsterTests.swift */,
				FAF17BDA25E37D9400348652 /* Info.plist */,
			);
			path = flixsterTests;
			sourceTree = "<group>";
		};
		FAF17BE225E37D9400348652 /* flixsterUITests */ = {
			isa = PBXGroup;
			children = (
				FAF17BE325E37D9400348652 /* flixsterUITests.swift */,
				FAF17BE525E37D9400348652 /* Info.plist */,
			);
			path = flixsterUITests;
			sourceTree = "<group>";
		};
/* End PBXGroup section */

/* Begin PBXNativeTarget section */
		FAF17BBD25E37D8D00348652 /* flixster */ = {
			isa = PBXNativeTarget;
			buildConfigurationList = FAF17BE825E37D9400348652 /* Build configuration list for PBXNativeTarget "flixster" */;
			buildPhases = (
				FAF17BBA25E37D8D00348652 /* Sources */,
				FAF17BBB25E37D8D00348652 /* Frameworks */,
				FAF17BBC25E37D8D00348652 /* Resources */,
			);
			buildRules = (
			);
			dependencies = (
			);
			name = flixster;
			productName = flixster;
			productReference = FAF17BBE25E37D8D00348652 /* flixster.app */;
			productType = "com.apple.product-type.application";
		};
		FAF17BD325E37D9400348652 /* flixsterTests */ = {
			isa = PBXNativeTarget;
			buildConfigurationList = FAF17BEB25E37D9400348652 /* Build configuration list for PBXNativeTarget "flixsterTests" */;
			buildPhases = (
				FAF17BD025E37D9400348652 /* Sources */,
				FAF17BD125E37D9400348652 /* Frameworks */,
				FAF17BD225E37D9400348652 /* Resources */,
			);
			buildRules = (
			);
			dependencies = (
				FAF17BD625E37D9400348652 /* PBXTargetDependency */,
			);
			name = flixsterTests;
			productName = flixsterTests;
			productReference = FAF17BD425E37D9400348652 /* flixsterTests.xctest */;
			productType = "com.apple.product-type.bundle.unit-test";
		};
		FAF17BDE25E37D9400348652 /* flixsterUITests */ = {
			isa = PBXNativeTarget;
			buildConfigurationList = FAF17BEE25E37D9400348652 /* Build configuration list for PBXNativeTarget "flixsterUITests" */;
			buildPhases = (
				FAF17BDB25E37D9400348652 /* Sources */,
				FAF17BDC25E37D9400348652 /* Frameworks */,
				FAF17BDD25E37D9400348652 /* Resources */,
			);
			buildRules = (
			);
			dependencies = (
				FAF17BE125E37D9400348652 /* PBXTargetDependency */,
			);
			name = flixsterUITests;
			productName = flixsterUITests;
			productReference = FAF17BDF25E37D9400348652 /* flixsterUITests.xctest */;
			productType = "com.apple.product-type.bundle.ui-testing";
		};
/* End PBXNativeTarget section */

/* Begin PBXProject section */
		FAF17BB625E37D8D00348652 /* Project object */ = {
			isa = PBXProject;
			attributes = {
				LastSwiftUpdateCheck = 1240;
				LastUpgradeCheck = 1240;
				TargetAttributes = {
					FAF17BBD25E37D8D00348652 = {
						CreatedOnToolsVersion = 12.4;
					};
					FAF17BD325E37D9400348652 = {
						CreatedOnToolsVersion = 12.4;
						TestTargetID = FAF17BBD25E37D8D00348652;
					};
					FAF17BDE25E37D9400348652 = {
						CreatedOnToolsVersion = 12.4;
						TestTargetID = FAF17BBD25E37D8D00348652;
					};
				};
			};
			buildConfigurationList = FAF17BB925E37D8D00348652 /* Build configuration list for PBXProject "flixster" */;
			compatibilityVersion = "Xcode 9.3";
			developmentRegion = en;
			hasScannedForEncodings = 0;
			knownRegions = (
				en,
				Base,
			);
			mainGroup = FAF17BB525E37D8D00348652;
			productRefGroup = FAF17BBF25E37D8D00348652 /* Products */;
			projectDirPath = "";
			projectRoot = "";
			targets = (
				FAF17BBD25E37D8D00348652 /* flixster */,
				FAF17BD325E37D9400348652 /* flixsterTests */,
				FAF17BDE25E37D9400348652 /* flixsterUITests */,
			);
		};
/* End PBXProject section */

/* Begin PBXResourcesBuildPhase section */
		FAF17BBC25E37D8D00348652 /* Resources */ = {
			isa = PBXResourcesBuildPhase;
			buildActionMask = 2147483647;
			files = (
				FAF17BCE25E37D9300348652 /* LaunchScreen.storyboard in Resources */,
				FAF17BCB25E37D9300348652 /* Assets.xcassets in Resources */,
				FAF17BC925E37D8D00348652 /* Main.storyboard in Resources */,
			);
			runOnlyForDeploymentPostprocessing = 0;
		};
		FAF17BD225E37D9400348652 /* Resources */ = {
			isa = PBXResourcesBuildPhase;
			buildActionMask = 2147483647;
			files = (
			);
			runOnlyForDeploymentPostprocessing = 0;
		};
		FAF17BDD25E37D9400348652 /* Resources */ = {
			isa = PBXResourcesBuildPhase;
			buildActionMask = 2147483647;
			files = (
			);
			runOnlyForDeploymentPostprocessing = 0;
		};
/* End PBXResourcesBuildPhase section */

/* Begin PBXSourcesBuildPhase section */
		FAF17BBA25E37D8D00348652 /* Sources */ = {
			isa = PBXSourcesBuildPhase;
			buildActionMask = 2147483647;
			files = (
				FAF17BC225E37D8D00348652 /* AppDelegate.swift in Sources */,
				FAF17BC425E37D8D00348652 /* SceneDelegate.swift in Sources */,
				FAF17C0025E382B000348652 /* MovieViewController.swift in Sources */,
			);
			runOnlyForDeploymentPostprocessing = 0;
		};
		FAF17BD025E37D9400348652 /* Sources */ = {
			isa = PBXSourcesBuildPhase;
			buildActionMask = 2147483647;
			files = (
				FAF17BD925E37D9400348652 /* flixsterTests.swift in Sources */,
			);
			runOnlyForDeploymentPostprocessing = 0;
		};
		FAF17BDB25E37D9400348652 /* Sources */ = {
			isa = PBXSourcesBuildPhase;
			buildActionMask = 2147483647;
			files = (
				FAF17BE425E37D9400348652 /* flixsterUITests.swift in Sources */,
			);
			runOnlyForDeploymentPostprocessing = 0;
		};
/* End PBXSourcesBuildPhase section */

/* Begin PBXTargetDependency section */
		FAF17BD625E37D9400348652 /* PBXTargetDependency */ = {
			isa = PBXTargetDependency;
			target = FAF17BBD25E37D8D00348652 /* flixster */;
			targetProxy = FAF17BD525E37D9400348652 /* PBXContainerItemProxy */;
		};
		FAF17BE125E37D9400348652 /* PBXTargetDependency */ = {
			isa = PBXTargetDependency;
			target = FAF17BBD25E37D8D00348652 /* flixster */;
			targetProxy = FAF17BE025E37D9400348652 /* PBXContainerItemProxy */;
		};
/* End PBXTargetDependency section */

/* Begin PBXVariantGroup section */
		FAF17BC725E37D8D00348652 /* Main.storyboard */ = {
			isa = PBXVariantGroup;
			children = (
				FAF17BC825E37D8D00348652 /* Base */,
			);
			name = Main.storyboard;
			sourceTree = "<group>";
		};
		FAF17BCC25E37D9300348652 /* LaunchScreen.storyboard */ = {
			isa = PBXVariantGroup;
			children = (
				FAF17BCD25E37D9300348652 /* Base */,
			);
			name = LaunchScreen.storyboard;
			sourceTree = "<group>";
		};
/* End PBXVariantGroup section */

/* Begin XCBuildConfiguration section */
		FAF17BE625E37D9400348652 /* Debug */ = {
			isa = XCBuildConfiguration;
			buildSettings = {
				ALWAYS_SEARCH_USER_PATHS = NO;
				CLANG_ANALYZER_NONNULL = YES;
				CLANG_ANALYZER_NUMBER_OBJECT_CONVERSION = YES_AGGRESSIVE;
				CLANG_CXX_LANGUAGE_STANDARD = "gnu++14";
				CLANG_CXX_LIBRARY = "libc++";
				CLANG_ENABLE_MODULES = YES;
				CLANG_ENABLE_OBJC_ARC = YES;
				CLANG_ENABLE_OBJC_WEAK = YES;
				CLANG_WARN_BLOCK_CAPTURE_AUTORELEASING = YES;
				CLANG_WARN_BOOL_CONVERSION = YES;
				CLANG_WARN_COMMA = YES;
				CLANG_WARN_CONSTANT_CONVERSION = YES;
				CLANG_WARN_DEPRECATED_OBJC_IMPLEMENTATIONS = YES;
				CLANG_WARN_DIRECT_OBJC_ISA_USAGE = YES_ERROR;
				CLANG_WARN_DOCUMENTATION_COMMENTS = YES;
				CLANG_WARN_EMPTY_BODY = YES;
				CLANG_WARN_ENUM_CONVERSION = YES;
				CLANG_WARN_INFINITE_RECURSION = YES;
				CLANG_WARN_INT_CONVERSION = YES;
				CLANG_WARN_NON_LITERAL_NULL_CONVERSION = YES;
				CLANG_WARN_OBJC_IMPLICIT_RETAIN_SELF = YES;
				CLANG_WARN_OBJC_LITERAL_CONVERSION = YES;
				CLANG_WARN_OBJC_ROOT_CLASS = YES_ERROR;
				CLANG_WARN_QUOTED_INCLUDE_IN_FRAMEWORK_HEADER = YES;
				CLANG_WARN_RANGE_LOOP_ANALYSIS = YES;
				CLANG_WARN_STRICT_PROTOTYPES = YES;
				CLANG_WARN_SUSPICIOUS_MOVE = YES;
				CLANG_WARN_UNGUARDED_AVAILABILITY = YES_AGGRESSIVE;
				CLANG_WARN_UNREACHABLE_CODE = YES;
				CLANG_WARN__DUPLICATE_METHOD_MATCH = YES;
				COPY_PHASE_STRIP = NO;
				DEBUG_INFORMATION_FORMAT = dwarf;
				ENABLE_STRICT_OBJC_MSGSEND = YES;
				ENABLE_TESTABILITY = YES;
				GCC_C_LANGUAGE_STANDARD = gnu11;
				GCC_DYNAMIC_NO_PIC = NO;
				GCC_NO_COMMON_BLOCKS = YES;
				GCC_OPTIMIZATION_LEVEL = 0;
				GCC_PREPROCESSOR_DEFINITIONS = (
					"DEBUG=1",
					"$(inherited)",
				);
				GCC_WARN_64_TO_32_BIT_CONVERSION = YES;
				GCC_WARN_ABOUT_RETURN_TYPE = YES_ERROR;
				GCC_WARN_UNDECLARED_SELECTOR = YES;
				GCC_WARN_UNINITIALIZED_AUTOS = YES_AGGRESSIVE;
				GCC_WARN_UNUSED_FUNCTION = YES;
				GCC_WARN_UNUSED_VARIABLE = YES;
				IPHONEOS_DEPLOYMENT_TARGET = 14.4;
				MTL_ENABLE_DEBUG_INFO = INCLUDE_SOURCE;
				MTL_FAST_MATH = YES;
				ONLY_ACTIVE_ARCH = YES;
				SDKROOT = iphoneos;
				SWIFT_ACTIVE_COMPILATION_CONDITIONS = DEBUG;
				SWIFT_OPTIMIZATION_LEVEL = "-Onone";
			};
			name = Debug;
		};
		FAF17BE725E37D9400348652 /* Release */ = {
			isa = XCBuildConfiguration;
			buildSettings = {
				ALWAYS_SEARCH_USER_PATHS = NO;
				CLANG_ANALYZER_NONNULL = YES;
				CLANG_ANALYZER_NUMBER_OBJECT_CONVERSION = YES_AGGRESSIVE;
				CLANG_CXX_LANGUAGE_STANDARD = "gnu++14";
				CLANG_CXX_LIBRARY = "libc++";
				CLANG_ENABLE_MODULES = YES;
				CLANG_ENABLE_OBJC_ARC = YES;
				CLANG_ENABLE_OBJC_WEAK = YES;
				CLANG_WARN_BLOCK_CAPTURE_AUTORELEASING = YES;
				CLANG_WARN_BOOL_CONVERSION = YES;
				CLANG_WARN_COMMA = YES;
				CLANG_WARN_CONSTANT_CONVERSION = YES;
				CLANG_WARN_DEPRECATED_OBJC_IMPLEMENTATIONS = YES;
				CLANG_WARN_DIRECT_OBJC_ISA_USAGE = YES_ERROR;
				CLANG_WARN_DOCUMENTATION_COMMENTS = YES;
				CLANG_WARN_EMPTY_BODY = YES;
				CLANG_WARN_ENUM_CONVERSION = YES;
				CLANG_WARN_INFINITE_RECURSION = YES;
				CLANG_WARN_INT_CONVERSION = YES;
				CLANG_WARN_NON_LITERAL_NULL_CONVERSION = YES;
				CLANG_WARN_OBJC_IMPLICIT_RETAIN_SELF = YES;
				CLANG_WARN_OBJC_LITERAL_CONVERSION = YES;
				CLANG_WARN_OBJC_ROOT_CLASS = YES_ERROR;
				CLANG_WARN_QUOTED_INCLUDE_IN_FRAMEWORK_HEADER = YES;
				CLANG_WARN_RANGE_LOOP_ANALYSIS = YES;
				CLANG_WARN_STRICT_PROTOTYPES = YES;
				CLANG_WARN_SUSPICIOUS_MOVE = YES;
				CLANG_WARN_UNGUARDED_AVAILABILITY = YES_AGGRESSIVE;
				CLANG_WARN_UNREACHABLE_CODE = YES;
				CLANG_WARN__DUPLICATE_METHOD_MATCH = YES;
				COPY_PHASE_STRIP = NO;
				DEBUG_INFORMATION_FORMAT = "dwarf-with-dsym";
				ENABLE_NS_ASSERTIONS = NO;
				ENABLE_STRICT_OBJC_MSGSEND = YES;
				GCC_C_LANGUAGE_STANDARD = gnu11;
				GCC_NO_COMMON_BLOCKS = YES;
				GCC_WARN_64_TO_32_BIT_CONVERSION = YES;
				GCC_WARN_ABOUT_RETURN_TYPE = YES_ERROR;
				GCC_WARN_UNDECLARED_SELECTOR = YES;
				GCC_WARN_UNINITIALIZED_AUTOS = YES_AGGRESSIVE;
				GCC_WARN_UNUSED_FUNCTION = YES;
				GCC_WARN_UNUSED_VARIABLE = YES;
				IPHONEOS_DEPLOYMENT_TARGET = 14.4;
				MTL_ENABLE_DEBUG_INFO = NO;
				MTL_FAST_MATH = YES;
				SDKROOT = iphoneos;
				SWIFT_COMPILATION_MODE = wholemodule;
				SWIFT_OPTIMIZATION_LEVEL = "-O";
				VALIDATE_PRODUCT = YES;
			};
			name = Release;
		};
		FAF17BE925E37D9400348652 /* Debug */ = {
			isa = XCBuildConfiguration;
			buildSettings = {
				ASSETCATALOG_COMPILER_APPICON_NAME = AppIcon;
				ASSETCATALOG_COMPILER_GLOBAL_ACCENT_COLOR_NAME = AccentColor;
				CODE_SIGN_STYLE = Automatic;
				INFOPLIST_FILE = flixster/Info.plist;
				LD_RUNPATH_SEARCH_PATHS = (
					"$(inherited)",
					"@executable_path/Frameworks",
				);
				PRODUCT_BUNDLE_IDENTIFIER = helenmingshuo918.flixster;
				PRODUCT_NAME = "$(TARGET_NAME)";
				SWIFT_VERSION = 5.0;
				TARGETED_DEVICE_FAMILY = "1,2";
			};
			name = Debug;
		};
		FAF17BEA25E37D9400348652 /* Release */ = {
			isa = XCBuildConfiguration;
			buildSettings = {
				ASSETCATALOG_COMPILER_APPICON_NAME = AppIcon;
				ASSETCATALOG_COMPILER_GLOBAL_ACCENT_COLOR_NAME = AccentColor;
				CODE_SIGN_STYLE = Automatic;
				INFOPLIST_FILE = flixster/Info.plist;
				LD_RUNPATH_SEARCH_PATHS = (
					"$(inherited)",
					"@executable_path/Frameworks",
				);
				PRODUCT_BUNDLE_IDENTIFIER = helenmingshuo918.flixster;
				PRODUCT_NAME = "$(TARGET_NAME)";
				SWIFT_VERSION = 5.0;
				TARGETED_DEVICE_FAMILY = "1,2";
			};
			name = Release;
		};
		FAF17BEC25E37D9400348652 /* Debug */ = {
			isa = XCBuildConfiguration;
			buildSettings = {
				ALWAYS_EMBED_SWIFT_STANDARD_LIBRARIES = YES;
				BUNDLE_LOADER = "$(TEST_HOST)";
				CODE_SIGN_STYLE = Automatic;
				INFOPLIST_FILE = flixsterTests/Info.plist;
				IPHONEOS_DEPLOYMENT_TARGET = 14.4;
				LD_RUNPATH_SEARCH_PATHS = (
					"$(inherited)",
					"@executable_path/Frameworks",
					"@loader_path/Frameworks",
				);
				PRODUCT_BUNDLE_IDENTIFIER = helenmingshuo918.flixsterTests;
				PRODUCT_NAME = "$(TARGET_NAME)";
				SWIFT_VERSION = 5.0;
				TARGETED_DEVICE_FAMILY = "1,2";
				TEST_HOST = "$(BUILT_PRODUCTS_DIR)/flixster.app/flixster";
			};
			name = Debug;
		};
		FAF17BED25E37D9400348652 /* Release */ = {
			isa = XCBuildConfiguration;
			buildSettings = {
				ALWAYS_EMBED_SWIFT_STANDARD_LIBRARIES = YES;
				BUNDLE_LOADER = "$(TEST_HOST)";
				CODE_SIGN_STYLE = Automatic;
				INFOPLIST_FILE = flixsterTests/Info.plist;
				IPHONEOS_DEPLOYMENT_TARGET = 14.4;
				LD_RUNPATH_SEARCH_PATHS = (
					"$(inherited)",
					"@executable_path/Frameworks",
					"@loader_path/Frameworks",
				);
				PRODUCT_BUNDLE_IDENTIFIER = helenmingshuo918.flixsterTests;
				PRODUCT_NAME = "$(TARGET_NAME)";
				SWIFT_VERSION = 5.0;
				TARGETED_DEVICE_FAMILY = "1,2";
				TEST_HOST = "$(BUILT_PRODUCTS_DIR)/flixster.app/flixster";
			};
			name = Release;
		};
		FAF17BEF25E37D9400348652 /* Debug */ = {
			isa = XCBuildConfiguration;
			buildSettings = {
				ALWAYS_EMBED_SWIFT_STANDARD_LIBRARIES = YES;
				CODE_SIGN_STYLE = Automatic;
				INFOPLIST_FILE = flixsterUITests/Info.plist;
				LD_RUNPATH_SEARCH_PATHS = (
					"$(inherited)",
					"@executable_path/Frameworks",
					"@loader_path/Frameworks",
				);
				PRODUCT_BUNDLE_IDENTIFIER = helenmingshuo918.flixsterUITests;
				PRODUCT_NAME = "$(TARGET_NAME)";
				SWIFT_VERSION = 5.0;
				TARGETED_DEVICE_FAMILY = "1,2";
				TEST_TARGET_NAME = flixster;
			};
			name = Debug;
		};
		FAF17BF025E37D9400348652 /* Release */ = {
			isa = XCBuildConfiguration;
			buildSettings = {
				ALWAYS_EMBED_SWIFT_STANDARD_LIBRARIES = YES;
				CODE_SIGN_STYLE = Automatic;
				INFOPLIST_FILE = flixsterUITests/Info.plist;
				LD_RUNPATH_SEARCH_PATHS = (
					"$(inherited)",
					"@executable_path/Frameworks",
					"@loader_path/Frameworks",
				);
				PRODUCT_BUNDLE_IDENTIFIER = helenmingshuo918.flixsterUITests;
				PRODUCT_NAME = "$(TARGET_NAME)";
				SWIFT_VERSION = 5.0;
				TARGETED_DEVICE_FAMILY = "1,2";
				TEST_TARGET_NAME = flixster;
			};
			name = Release;
		};
/* End XCBuildConfiguration section */

/* Begin XCConfigurationList section */
		FAF17BB925E37D8D00348652 /* Build configuration list for PBXProject "flixster" */ = {
			isa = XCConfigurationList;
			buildConfigurations = (
				FAF17BE625E37D9400348652 /* Debug */,
				FAF17BE725E37D9400348652 /* Release */,
			);
			defaultConfigurationIsVisible = 0;
			defaultConfigurationName = Release;
		};
		FAF17BE825E37D9400348652 /* Build configuration list for PBXNativeTarget "flixster" */ = {
			isa = XCConfigurationList;
			buildConfigurations = (
				FAF17BE925E37D9400348652 /* Debug */,
				FAF17BEA25E37D9400348652 /* Release */,
			);
			defaultConfigurationIsVisible = 0;
			defaultConfigurationName = Release;
		};
		FAF17BEB25E37D9400348652 /* Build configuration list for PBXNativeTarget "flixsterTests" */ = {
			isa = XCConfigurationList;
			buildConfigurations = (
				FAF17BEC25E37D9400348652 /* Debug */,
				FAF17BED25E37D9400348652 /* Release */,
			);
			defaultConfigurationIsVisible = 0;
			defaultConfigurationName = Release;
		};
		FAF17BEE25E37D9400348652 /* Build configuration list for PBXNativeTarget "flixsterUITests" */ = {
			isa = XCConfigurationList;
			buildConfigurations = (
				FAF17BEF25E37D9400348652 /* Debug */,
				FAF17BF025E37D9400348652 /* Release */,
			);
			defaultConfigurationIsVisible = 0;
			defaultConfigurationName = Release;
		};
/* End XCConfigurationList section */
	};
	rootObject = FAF17BB625E37D8D00348652 /* Project object */;
}
